
Microsoft Visual Studio Solution File, Format Version 12.00
# Visual Studio Version 16
VisualStudioVersion = 16.0.30517.126
MinimumVisualStudioVersion = 10.0.40219.1
Project("{FAE04EC0-301F-11D3-BF4B-00C04F79EFBC}") = "ControlCuentasActividad1", "ControlCuentasActividad1\ControlCuentasActividad1.csproj", "{C7C213AA-2F94-4DD3-B431-AEC1AC6CC351}"
EndProject
Global
	GlobalSection(SolutionConfigurationPlatforms) = preSolution
		Debug|Any CPU = Debug|Any CPU
		Release|Any CPU = Release|Any CPU
	EndGlobalSection
	GlobalSection(ProjectConfigurationPlatforms) = postSolution
		{C7C213AA-2F94-4DD3-B431-AEC1AC6CC351}.Debug|Any CPU.ActiveCfg = Debug|Any CPU
		{C7C213AA-2F94-4DD3-B431-AEC1AC6CC351}.Debug|Any CPU.Build.0 = Debug|Any CPU
		{C7C213AA-2F94-4DD3-B431-AEC1AC6CC351}.Release|Any CPU.ActiveCfg = Release|Any CPU
		{C7C213AA-2F94-4DD3-B431-AEC1AC6CC351}.Release|Any CPU.Build.0 = Release|Any CPU
	EndGlobalSection
	GlobalSection(SolutionProperties) = preSolution
		HideSolutionNode = FALSE
	EndGlobalSection
	GlobalSection(ExtensibilityGlobals) = postSolution
		SolutionGuid = {73F38342-2E18-45E4-A432-B5EF9E65DC8C}
	EndGlobalSection
EndGlobal
